
Microsoft Visual Studio Solution File, Format Version 12.00
# Visual Studio Version 17
VisualStudioVersion = 17.10.35122.118
MinimumVisualStudioVersion = 10.0.40219.1
Project("{FAE04EC0-301F-11D3-BF4B-00C04F79EFBC}") = "DataTable_Training_Employees", "DataTable_Training_Employees.csproj", "{62F2587A-0CB6-47FA-8C99-3B017ED54A13}"
EndProject
Global
	GlobalSection(SolutionConfigurationPlatforms) = preSolution
		Debug|Any CPU = Debug|Any CPU
		Release|Any CPU = Release|Any CPU
	EndGlobalSection
	GlobalSection(ProjectConfigurationPlatforms) = postSolution
		{62F2587A-0CB6-47FA-8C99-3B017ED54A13}.Debug|Any CPU.ActiveCfg = Debug|Any CPU
		{62F2587A-0CB6-47FA-8C99-3B017ED54A13}.Debug|Any CPU.Build.0 = Debug|Any CPU
		{62F2587A-0CB6-47FA-8C99-3B017ED54A13}.Release|Any CPU.ActiveCfg = Release|Any CPU
		{62F2587A-0CB6-47FA-8C99-3B017ED54A13}.Release|Any CPU.Build.0 = Release|Any CPU
	EndGlobalSection
	GlobalSection(SolutionProperties) = preSolution
		HideSolutionNode = FALSE
	EndGlobalSection
	GlobalSection(ExtensibilityGlobals) = postSolution
		SolutionGuid = {BCB3B6DD-0499-450B-9AC5-74D3E6780833}
	EndGlobalSection
EndGlobal
